// !$*UTF8*$!
{
	archiveVersion = 1;
	classes = {
	};
	objectVersion = 77;
	objects = {

/* Begin PBXBuildFile section */
		797F43E92EE24AAE00651B75 /* Networking in Frameworks */ = {isa = PBXBuildFile; productRef = 797F43E82EE24AAE00651B75 /* Networking */; };
/* End PBXBuildFile section */

/* Begin PBXContainerItemProxy section */
		79BBD9502EE1CDFA00BBF28F /* PBXContainerItemProxy */ = {
			isa = PBXContainerItemProxy;
			containerPortal = 79BBD9312EE1CDF700BBF28F /* Project object */;
			proxyType = 1;
			remoteGlobalIDString = 79BBD9382EE1CDF700BBF28F;
			remoteInfo = NubankShortener;
		};
		79BBD95A2EE1CDFA00BBF28F /* PBXContainerItemProxy */ = {
			isa = PBXContainerItemProxy;
			containerPortal = 79BBD9312EE1CDF700BBF28F /* Project object */;
			proxyType = 1;
			remoteGlobalIDString = 79BBD9382EE1CDF700BBF28F;
			remoteInfo = NubankShortener;
		};
/* End PBXContainerItemProxy section */

/* Begin PBXFileReference section */
		79BBD9392EE1CDF700BBF28F /* NubankShortener.app */ = {isa = PBXFileReference; explicitFileType = wrapper.application; includeInIndex = 0; path = NubankShortener.app; sourceTree = BUILT_PRODUCTS_DIR; };
		79BBD94F2EE1CDFA00BBF28F /* NubankShortenerTests.xctest */ = {isa = PBXFileReference; explicitFileType = wrapper.cfbundle; includeInIndex = 0; path = NubankShortenerTests.xctest; sourceTree = BUILT_PRODUCTS_DIR; };
		79BBD9592EE1CDFA00BBF28F /* NubankShortenerUITests.xctest */ = {isa = PBXFileReference; explicitFileType = wrapper.cfbundle; includeInIndex = 0; path = NubankShortenerUITests.xctest; sourceTree = BUILT_PRODUCTS_DIR; };
/* End PBXFileReference section */

/* Begin PBXFileSystemSynchronizedBuildFileExceptionSet section */
		79BBD9612EE1CDFA00BBF28F /* Exceptions for "NubankShortener" folder in "NubankShortener" target */ = {
			isa = PBXFileSystemSynchronizedBuildFileExceptionSet;
			membershipExceptions = (
				Info.plist,
			);
			target = 79BBD9382EE1CDF700BBF28F /* NubankShortener */;
		};
/* End PBXFileSystemSynchronizedBuildFileExceptionSet section */

/* Begin PBXFileSystemSynchronizedRootGroup section */
		79BBD93B2EE1CDF700BBF28F /* NubankShortener */ = {
			isa = PBXFileSystemSynchronizedRootGroup;
			exceptions = (
				79BBD9612EE1CDFA00BBF28F /* Exceptions for "NubankShortener" folder in "NubankShortener" target */,
			);
			path = NubankShortener;
			sourceTree = "<group>";
		};
		79BBD9522EE1CDFA00BBF28F /* NubankShortenerTests */ = {
			isa = PBXFileSystemSynchronizedRootGroup;
			path = NubankShortenerTests;
			sourceTree = "<group>";
		};
		79BBD95C2EE1CDFA00BBF28F /* NubankShortenerUITests */ = {
			isa = PBXFileSystemSynchronizedRootGroup;
			path = NubankShortenerUITests;
			sourceTree = "<group>";
		};
/* End PBXFileSystemSynchronizedRootGroup section */

/* Begin PBXFrameworksBuildPhase section */
		79BBD9362EE1CDF700BBF28F /* Frameworks */ = {
			isa = PBXFrameworksBuildPhase;
			buildActionMask = 2147483647;
			files = (
				797F43E92EE24AAE00651B75 /* Networking in Frameworks */,
			);
			runOnlyForDeploymentPostprocessing = 0;
		};
		79BBD94C2EE1CDFA00BBF28F /* Frameworks */ = {
			isa = PBXFrameworksBuildPhase;
			buildActionMask = 2147483647;
			files = (
			);
			runOnlyForDeploymentPostprocessing = 0;
		};
		79BBD9562EE1CDFA00BBF28F /* Frameworks */ = {
			isa = PBXFrameworksBuildPhase;
			buildActionMask = 2147483647;
			files = (
			);
			runOnlyForDeploymentPostprocessing = 0;
		};
/* End PBXFrameworksBuildPhase section */

/* Begin PBXGroup section */
		79BBD9302EE1CDF700BBF28F = {
			isa = PBXGroup;
			children = (
				79BBD93B2EE1CDF700BBF28F /* NubankShortener */,
				79BBD9522EE1CDFA00BBF28F /* NubankShortenerTests */,
				79BBD95C2EE1CDFA00BBF28F /* NubankShortenerUITests */,
				79BBD96E2EE1D8F900BBF28F /* Frameworks */,
				79BBD93A2EE1CDF700BBF28F /* Products */,
			);
			sourceTree = "<group>";
		};
		79BBD93A2EE1CDF700BBF28F /* Products */ = {
			isa = PBXGroup;
			children = (
				79BBD9392EE1CDF700BBF28F /* NubankShortener.app */,
				79BBD94F2EE1CDFA00BBF28F /* NubankShortenerTests.xctest */,
				79BBD9592EE1CDFA00BBF28F /* NubankShortenerUITests.xctest */,
			);
			name = Products;
			sourceTree = "<group>";
		};
		79BBD96E2EE1D8F900BBF28F /* Frameworks */ = {
			isa = PBXGroup;
			children = (
			);
			name = Frameworks;
			sourceTree = "<group>";
		};
/* End PBXGroup section */

/* Begin PBXNativeTarget section */
		79BBD9382EE1CDF700BBF28F /* NubankShortener */ = {
			isa = PBXNativeTarget;
			buildConfigurationList = 79BBD9622EE1CDFA00BBF28F /* Build configuration list for PBXNativeTarget "NubankShortener" */;
			buildPhases = (
				79BBD9352EE1CDF700BBF28F /* Sources */,
				79BBD9362EE1CDF700BBF28F /* Frameworks */,
				79BBD9372EE1CDF700BBF28F /* Resources */,
			);
			buildRules = (
			);
			dependencies = (
			);
			fileSystemSynchronizedGroups = (
				79BBD93B2EE1CDF700BBF28F /* NubankShortener */,
			);
			name = NubankShortener;
			packageProductDependencies = (
				797F43E82EE24AAE00651B75 /* Networking */,
			);
			productName = NubankShortener;
			productReference = 79BBD9392EE1CDF700BBF28F /* NubankShortener.app */;
			productType = "com.apple.product-type.application";
		};
		79BBD94E2EE1CDFA00BBF28F /* NubankShortenerTests */ = {
			isa = PBXNativeTarget;
			buildConfigurationList = 79BBD9672EE1CDFA00BBF28F /* Build configuration list for PBXNativeTarget "NubankShortenerTests" */;
			buildPhases = (
				79BBD94B2EE1CDFA00BBF28F /* Sources */,
				79BBD94C2EE1CDFA00BBF28F /* Frameworks */,
				79BBD94D2EE1CDFA00BBF28F /* Resources */,
			);
			buildRules = (
			);
			dependencies = (
				79BBD9512EE1CDFA00BBF28F /* PBXTargetDependency */,
			);
			fileSystemSynchronizedGroups = (
				79BBD9522EE1CDFA00BBF28F /* NubankShortenerTests */,
			);
			name = NubankShortenerTests;
			packageProductDependencies = (
			);
			productName = NubankShortenerTests;
			productReference = 79BBD94F2EE1CDFA00BBF28F /* NubankShortenerTests.xctest */;
			productType = "com.apple.product-type.bundle.unit-test";
		};
		79BBD9582EE1CDFA00BBF28F /* NubankShortenerUITests */ = {
			isa = PBXNativeTarget;
			buildConfigurationList = 79BBD96A2EE1CDFA00BBF28F /* Build configuration list for PBXNativeTarget "NubankShortenerUITests" */;
			buildPhases = (
				79BBD9552EE1CDFA00BBF28F /* Sources */,
				79BBD9562EE1CDFA00BBF28F /* Frameworks */,
				79BBD9572EE1CDFA00BBF28F /* Resources */,
			);
			buildRules = (
			);
			dependencies = (
				79BBD95B2EE1CDFA00BBF28F /* PBXTargetDependency */,
			);
			fileSystemSynchronizedGroups = (
				79BBD95C2EE1CDFA00BBF28F /* NubankShortenerUITests */,
			);
			name = NubankShortenerUITests;
			packageProductDependencies = (
			);
			productName = NubankShortenerUITests;
			productReference = 79BBD9592EE1CDFA00BBF28F /* NubankShortenerUITests.xctest */;
			productType = "com.apple.product-type.bundle.ui-testing";
		};
/* End PBXNativeTarget section */

/* Begin PBXProject section */
		79BBD9312EE1CDF700BBF28F /* Project object */ = {
			isa = PBXProject;
			attributes = {
				BuildIndependentTargetsInParallel = 1;
				LastSwiftUpdateCheck = 2600;
				LastUpgradeCheck = 2600;
				TargetAttributes = {
					79BBD9382EE1CDF700BBF28F = {
						CreatedOnToolsVersion = 26.0.1;
					};
					79BBD94E2EE1CDFA00BBF28F = {
						CreatedOnToolsVersion = 26.0.1;
						TestTargetID = 79BBD9382EE1CDF700BBF28F;
					};
					79BBD9582EE1CDFA00BBF28F = {
						CreatedOnToolsVersion = 26.0.1;
						TestTargetID = 79BBD9382EE1CDF700BBF28F;
					};
				};
			};
			buildConfigurationList = 79BBD9342EE1CDF700BBF28F /* Build configuration list for PBXProject "NubankShortener" */;
			developmentRegion = en;
			hasScannedForEncodings = 0;
			knownRegions = (
				en,
				Base,
			);
			mainGroup = 79BBD9302EE1CDF700BBF28F;
			minimizedProjectReferenceProxies = 1;
			packageReferences = (
				797F43E72EE24AAE00651B75 /* XCLocalSwiftPackageReference "../Networking" */,
			);
			preferredProjectObjectVersion = 77;
			productRefGroup = 79BBD93A2EE1CDF700BBF28F /* Products */;
			projectDirPath = "";
			projectRoot = "";
			targets = (
				79BBD9382EE1CDF700BBF28F /* NubankShortener */,
				79BBD94E2EE1CDFA00BBF28F /* NubankShortenerTests */,
				79BBD9582EE1CDFA00BBF28F /* NubankShortenerUITests */,
			);
		};
/* End PBXProject section */

/* Begin PBXResourcesBuildPhase section */
		79BBD9372EE1CDF700BBF28F /* Resources */ = {
			isa = PBXResourcesBuildPhase;
			buildActionMask = 2147483647;
			files = (
			);
			runOnlyForDeploymentPostprocessing = 0;
		};
		79BBD94D2EE1CDFA00BBF28F /* Resources */ = {
			isa = PBXResourcesBuildPhase;
			buildActionMask = 2147483647;
			files = (
			);
			runOnlyForDeploymentPostprocessing = 0;
		};
		79BBD9572EE1CDFA00BBF28F /* Resources */ = {
			isa = PBXResourcesBuildPhase;
			buildActionMask = 2147483647;
			files = (
			);
			runOnlyForDeploymentPostprocessing = 0;
		};
/* End PBXResourcesBuildPhase section */

/* Begin PBXSourcesBuildPhase section */
		79BBD9352EE1CDF700BBF28F /* Sources */ = {
			isa = PBXSourcesBuildPhase;
			buildActionMask = 2147483647;
			files = (
			);
			runOnlyForDeploymentPostprocessing = 0;
		};
		79BBD94B2EE1CDFA00BBF28F /* Sources */ = {
			isa = PBXSourcesBuildPhase;
			buildActionMask = 2147483647;
			files = (
			);
			runOnlyForDeploymentPostprocessing = 0;
		};
		79BBD9552EE1CDFA00BBF28F /* Sources */ = {
			isa = PBXSourcesBuildPhase;
			buildActionMask = 2147483647;
			files = (
			);
			runOnlyForDeploymentPostprocessing = 0;
		};
/* End PBXSourcesBuildPhase section */

/* Begin PBXTargetDependency section */
		79BBD9512EE1CDFA00BBF28F /* PBXTargetDependency */ = {
			isa = PBXTargetDependency;
			target = 79BBD9382EE1CDF700BBF28F /* NubankShortener */;
			targetProxy = 79BBD9502EE1CDFA00BBF28F /* PBXContainerItemProxy */;
		};
		79BBD95B2EE1CDFA00BBF28F /* PBXTargetDependency */ = {
			isa = PBXTargetDependency;
			target = 79BBD9382EE1CDF700BBF28F /* NubankShortener */;
			targetProxy = 79BBD95A2EE1CDFA00BBF28F /* PBXContainerItemProxy */;
		};
/* End PBXTargetDependency section */

/* Begin XCBuildConfiguration section */
		79BBD9632EE1CDFA00BBF28F /* Debug */ = {
			isa = XCBuildConfiguration;
			buildSettings = {
				ASSETCATALOG_COMPILER_APPICON_NAME = AppIcon;
				ASSETCATALOG_COMPILER_GLOBAL_ACCENT_COLOR_NAME = AccentColor;
				CODE_SIGN_STYLE = Automatic;
				CURRENT_PROJECT_VERSION = 1;
				GENERATE_INFOPLIST_FILE = YES;
				INFOPLIST_FILE = NubankShortener/Info.plist;
				INFOPLIST_KEY_UIApplicationSupportsIndirectInputEvents = YES;
				INFOPLIST_KEY_UILaunchStoryboardName = LaunchScreen;
				INFOPLIST_KEY_UIMainStoryboardFile = Main;
				INFOPLIST_KEY_UISupportedInterfaceOrientations_iPad = "UIInterfaceOrientationPortrait UIInterfaceOrientationPortraitUpsideDown UIInterfaceOrientationLandscapeLeft UIInterfaceOrientationLandscapeRight";
				INFOPLIST_KEY_UISupportedInterfaceOrientations_iPhone = "UIInterfaceOrientationPortrait UIInterfaceOrientationLandscapeLeft UIInterfaceOrientationLandscapeRight";
				IPHONEOS_DEPLOYMENT_TARGET = 15.6;
				LD_RUNPATH_SEARCH_PATHS = (
					"$(inherited)",
					"@executable_path/Frameworks",
				);
				MARKETING_VERSION = 1.0;
				PRODUCT_BUNDLE_IDENTIFIER = com.produto.NubankShortener;
				PRODUCT_NAME = "$(TARGET_NAME)";
				STRING_CATALOG_GENERATE_SYMBOLS = YES;
				SWIFT_APPROACHABLE_CONCURRENCY = YES;
				SWIFT_DEFAULT_ACTOR_ISOLATION = MainActor;
				SWIFT_EMIT_LOC_STRINGS = YES;
				SWIFT_UPCOMING_FEATURE_MEMBER_IMPORT_VISIBILITY = YES;
				SWIFT_VERSION = 5.0;
				TARGETED_DEVICE_FAMILY = "1,2";
			};
			name = Debug;
		};
		79BBD9642EE1CDFA00BBF28F /* Release */ = {
			isa = XCBuildConfiguration;
			buildSettings = {
				ASSETCATALOG_COMPILER_APPICON_NAME = AppIcon;
				ASSETCATALOG_COMPILER_GLOBAL_ACCENT_COLOR_NAME = AccentColor;
				CODE_SIGN_STYLE = Automatic;
				CURRENT_PROJECT_VERSION = 1;
				GENERATE_INFOPLIST_FILE = YES;
				INFOPLIST_FILE = NubankShortener/Info.plist;
				INFOPLIST_KEY_UIApplicationSupportsIndirectInputEvents = YES;
				INFOPLIST_KEY_UILaunchStoryboardName = LaunchScreen;
				INFOPLIST_KEY_UIMainStoryboardFile = Main;
				INFOPLIST_KEY_UISupportedInterfaceOrientations_iPad = "UIInterfaceOrientationPortrait UIInterfaceOrientationPortraitUpsideDown UIInterfaceOrientationLandscapeLeft UIInterfaceOrientationLandscapeRight";
				INFOPLIST_KEY_UISupportedInterfaceOrientations_iPhone = "UIInterfaceOrientationPortrait UIInterfaceOrientationLandscapeLeft UIInterfaceOrientationLandscapeRight";
				IPHONEOS_DEPLOYMENT_TARGET = 15.6;
				LD_RUNPATH_SEARCH_PATHS = (
					"$(inherited)",
					"@executable_path/Frameworks",
				);
				MARKETING_VERSION = 1.0;
				PRODUCT_BUNDLE_IDENTIFIER = com.produto.NubankShortener;
				PRODUCT_NAME = "$(TARGET_NAME)";
				STRING_CATALOG_GENERATE_SYMBOLS = YES;
				SWIFT_APPROACHABLE_CONCURRENCY = YES;
				SWIFT_DEFAULT_ACTOR_ISOLATION = MainActor;
				SWIFT_EMIT_LOC_STRINGS = YES;
				SWIFT_UPCOMING_FEATURE_MEMBER_IMPORT_VISIBILITY = YES;
				SWIFT_VERSION = 5.0;
				TARGETED_DEVICE_FAMILY = "1,2";
			};
			name = Release;
		};
		79BBD9652EE1CDFA00BBF28F /* Debug */ = {
			isa = XCBuildConfiguration;
			buildSettings = {
				ALWAYS_SEARCH_USER_PATHS = NO;
				ASSETCATALOG_COMPILER_GENERATE_SWIFT_ASSET_SYMBOL_EXTENSIONS = YES;
				CLANG_ANALYZER_NONNULL = YES;
				CLANG_ANALYZER_NUMBER_OBJECT_CONVERSION = YES_AGGRESSIVE;
				CLANG_CXX_LANGUAGE_STANDARD = "gnu++20";
				CLANG_ENABLE_MODULES = YES;
				CLANG_ENABLE_OBJC_ARC = YES;
				CLANG_ENABLE_OBJC_WEAK = YES;
				CLANG_WARN_BLOCK_CAPTURE_AUTORELEASING = YES;
				CLANG_WARN_BOOL_CONVERSION = YES;
				CLANG_WARN_COMMA = YES;
				CLANG_WARN_CONSTANT_CONVERSION = YES;
				CLANG_WARN_DEPRECATED_OBJC_IMPLEMENTATIONS = YES;
				CLANG_WARN_DIRECT_OBJC_ISA_USAGE = YES_ERROR;
				CLANG_WARN_DOCUMENTATION_COMMENTS = YES;
				CLANG_WARN_EMPTY_BODY = YES;
				CLANG_WARN_ENUM_CONVERSION = YES;
				CLANG_WARN_INFINITE_RECURSION = YES;
				CLANG_WARN_INT_CONVERSION = YES;
				CLANG_WARN_NON_LITERAL_NULL_CONVERSION = YES;
				CLANG_WARN_OBJC_IMPLICIT_RETAIN_SELF = YES;
				CLANG_WARN_OBJC_LITERAL_CONVERSION = YES;
				CLANG_WARN_OBJC_ROOT_CLASS = YES_ERROR;
				CLANG_WARN_QUOTED_INCLUDE_IN_FRAMEWORK_HEADER = YES;
				CLANG_WARN_RANGE_LOOP_ANALYSIS = YES;
				CLANG_WARN_STRICT_PROTOTYPES = YES;
				CLANG_WARN_SUSPICIOUS_MOVE = YES;
				CLANG_WARN_UNGUARDED_AVAILABILITY = YES_AGGRESSIVE;
				CLANG_WARN_UNREACHABLE_CODE = YES;
				CLANG_WARN__DUPLICATE_METHOD_MATCH = YES;
				COPY_PHASE_STRIP = NO;
				DEBUG_INFORMATION_FORMAT = dwarf;
				ENABLE_STRICT_OBJC_MSGSEND = YES;
				ENABLE_TESTABILITY = YES;
				ENABLE_USER_SCRIPT_SANDBOXING = YES;
				GCC_C_LANGUAGE_STANDARD = gnu17;
				GCC_DYNAMIC_NO_PIC = NO;
				GCC_NO_COMMON_BLOCKS = YES;
				GCC_OPTIMIZATION_LEVEL = 0;
				GCC_PREPROCESSOR_DEFINITIONS = (
					"DEBUG=1",
					"$(inherited)",
				);
				GCC_WARN_64_TO_32_BIT_CONVERSION = YES;
				GCC_WARN_ABOUT_RETURN_TYPE = YES_ERROR;
				GCC_WARN_UNDECLARED_SELECTOR = YES;
				GCC_WARN_UNINITIALIZED_AUTOS = YES_AGGRESSIVE;
				GCC_WARN_UNUSED_FUNCTION = YES;
				GCC_WARN_UNUSED_VARIABLE = YES;
				IPHONEOS_DEPLOYMENT_TARGET = 26.0;
				LOCALIZATION_PREFERS_STRING_CATALOGS = YES;
				MTL_ENABLE_DEBUG_INFO = INCLUDE_SOURCE;
				MTL_FAST_MATH = YES;
				ONLY_ACTIVE_ARCH = YES;
				SDKROOT = iphoneos;
				SWIFT_ACTIVE_COMPILATION_CONDITIONS = "DEBUG $(inherited)";
				SWIFT_OPTIMIZATION_LEVEL = "-Onone";
			};
			name = Debug;
		};
		79BBD9662EE1CDFA00BBF28F /* Release */ = {
			isa = XCBuildConfiguration;
			buildSettings = {
				ALWAYS_SEARCH_USER_PATHS = NO;
				ASSETCATALOG_COMPILER_GENERATE_SWIFT_ASSET_SYMBOL_EXTENSIONS = YES;
				CLANG_ANALYZER_NONNULL = YES;
				CLANG_ANALYZER_NUMBER_OBJECT_CONVERSION = YES_AGGRESSIVE;
				CLANG_CXX_LANGUAGE_STANDARD = "gnu++20";
				CLANG_ENABLE_MODULES = YES;
				CLANG_ENABLE_OBJC_ARC = YES;
				CLANG_ENABLE_OBJC_WEAK = YES;
				CLANG_WARN_BLOCK_CAPTURE_AUTORELEASING = YES;
				CLANG_WARN_BOOL_CONVERSION = YES;
				CLANG_WARN_COMMA = YES;
				CLANG_WARN_CONSTANT_CONVERSION = YES;
				CLANG_WARN_DEPRECATED_OBJC_IMPLEMENTATIONS = YES;
				CLANG_WARN_DIRECT_OBJC_ISA_USAGE = YES_ERROR;
				CLANG_WARN_DOCUMENTATION_COMMENTS = YES;
				CLANG_WARN_EMPTY_BODY = YES;
				CLANG_WARN_ENUM_CONVERSION = YES;
				CLANG_WARN_INFINITE_RECURSION = YES;
				CLANG_WARN_INT_CONVERSION = YES;
				CLANG_WARN_NON_LITERAL_NULL_CONVERSION = YES;
				CLANG_WARN_OBJC_IMPLICIT_RETAIN_SELF = YES;
				CLANG_WARN_OBJC_LITERAL_CONVERSION = YES;
				CLANG_WARN_OBJC_ROOT_CLASS = YES_ERROR;
				CLANG_WARN_QUOTED_INCLUDE_IN_FRAMEWORK_HEADER = YES;
				CLANG_WARN_RANGE_LOOP_ANALYSIS = YES;
				CLANG_WARN_STRICT_PROTOTYPES = YES;
				CLANG_WARN_SUSPICIOUS_MOVE = YES;
				CLANG_WARN_UNGUARDED_AVAILABILITY = YES_AGGRESSIVE;
				CLANG_WARN_UNREACHABLE_CODE = YES;
				CLANG_WARN__DUPLICATE_METHOD_MATCH = YES;
				COPY_PHASE_STRIP = NO;
				DEBUG_INFORMATION_FORMAT = "dwarf-with-dsym";
				ENABLE_NS_ASSERTIONS = NO;
				ENABLE_STRICT_OBJC_MSGSEND = YES;
				ENABLE_USER_SCRIPT_SANDBOXING = YES;
				GCC_C_LANGUAGE_STANDARD = gnu17;
				GCC_NO_COMMON_BLOCKS = YES;
				GCC_WARN_64_TO_32_BIT_CONVERSION = YES;
				GCC_WARN_ABOUT_RETURN_TYPE = YES_ERROR;
				GCC_WARN_UNDECLARED_SELECTOR = YES;
				GCC_WARN_UNINITIALIZED_AUTOS = YES_AGGRESSIVE;
				GCC_WARN_UNUSED_FUNCTION = YES;
				GCC_WARN_UNUSED_VARIABLE = YES;
				IPHONEOS_DEPLOYMENT_TARGET = 26.0;
				LOCALIZATION_PREFERS_STRING_CATALOGS = YES;
				MTL_ENABLE_DEBUG_INFO = NO;
				MTL_FAST_MATH = YES;
				SDKROOT = iphoneos;
				SWIFT_COMPILATION_MODE = wholemodule;
				VALIDATE_PRODUCT = YES;
			};
			name = Release;
		};
		79BBD9682EE1CDFA00BBF28F /* Debug */ = {
			isa = XCBuildConfiguration;
			buildSettings = {
				BUNDLE_LOADER = "$(TEST_HOST)";
				CODE_SIGN_STYLE = Automatic;
				CURRENT_PROJECT_VERSION = 1;
				GENERATE_INFOPLIST_FILE = YES;
				IPHONEOS_DEPLOYMENT_TARGET = 15.6;
				MARKETING_VERSION = 1.0;
				PRODUCT_BUNDLE_IDENTIFIER = com.produto.NubankShortenerTests;
				PRODUCT_NAME = "$(TARGET_NAME)";
				STRING_CATALOG_GENERATE_SYMBOLS = NO;
				SWIFT_APPROACHABLE_CONCURRENCY = YES;
				SWIFT_EMIT_LOC_STRINGS = NO;
				SWIFT_UPCOMING_FEATURE_MEMBER_IMPORT_VISIBILITY = YES;
				SWIFT_VERSION = 5.0;
				TARGETED_DEVICE_FAMILY = "1,2";
				TEST_HOST = "$(BUILT_PRODUCTS_DIR)/NubankShortener.app/$(BUNDLE_EXECUTABLE_FOLDER_PATH)/NubankShortener";
			};
			name = Debug;
		};
		79BBD9692EE1CDFA00BBF28F /* Release */ = {
			isa = XCBuildConfiguration;
			buildSettings = {
				BUNDLE_LOADER = "$(TEST_HOST)";
				CODE_SIGN_STYLE = Automatic;
				CURRENT_PROJECT_VERSION = 1;
				GENERATE_INFOPLIST_FILE = YES;
				IPHONEOS_DEPLOYMENT_TARGET = 15.6;
				MARKETING_VERSION = 1.0;
				PRODUCT_BUNDLE_IDENTIFIER = com.produto.NubankShortenerTests;
				PRODUCT_NAME = "$(TARGET_NAME)";
				STRING_CATALOG_GENERATE_SYMBOLS = NO;
				SWIFT_APPROACHABLE_CONCURRENCY = YES;
				SWIFT_EMIT_LOC_STRINGS = NO;
				SWIFT_UPCOMING_FEATURE_MEMBER_IMPORT_VISIBILITY = YES;
				SWIFT_VERSION = 5.0;
				TARGETED_DEVICE_FAMILY = "1,2";
				TEST_HOST = "$(BUILT_PRODUCTS_DIR)/NubankShortener.app/$(BUNDLE_EXECUTABLE_FOLDER_PATH)/NubankShortener";
			};
			name = Release;
		};
		79BBD96B2EE1CDFA00BBF28F /* Debug */ = {
			isa = XCBuildConfiguration;
			buildSettings = {
				CODE_SIGN_STYLE = Automatic;
				CURRENT_PROJECT_VERSION = 1;
				GENERATE_INFOPLIST_FILE = YES;
				IPHONEOS_DEPLOYMENT_TARGET = 15.6;
				MARKETING_VERSION = 1.0;
				PRODUCT_BUNDLE_IDENTIFIER = com.produto.NubankShortenerUITests;
				PRODUCT_NAME = "$(TARGET_NAME)";
				STRING_CATALOG_GENERATE_SYMBOLS = NO;
				SWIFT_APPROACHABLE_CONCURRENCY = YES;
				SWIFT_EMIT_LOC_STRINGS = NO;
				SWIFT_UPCOMING_FEATURE_MEMBER_IMPORT_VISIBILITY = YES;
				SWIFT_VERSION = 5.0;
				TARGETED_DEVICE_FAMILY = "1,2";
				TEST_TARGET_NAME = NubankShortener;
			};
			name = Debug;
		};
		79BBD96C2EE1CDFA00BBF28F /* Release */ = {
			isa = XCBuildConfiguration;
			buildSettings = {
				CODE_SIGN_STYLE = Automatic;
				CURRENT_PROJECT_VERSION = 1;
				GENERATE_INFOPLIST_FILE = YES;
				IPHONEOS_DEPLOYMENT_TARGET = 15.6;
				MARKETING_VERSION = 1.0;
				PRODUCT_BUNDLE_IDENTIFIER = com.produto.NubankShortenerUITests;
				PRODUCT_NAME = "$(TARGET_NAME)";
				STRING_CATALOG_GENERATE_SYMBOLS = NO;
				SWIFT_APPROACHABLE_CONCURRENCY = YES;
				SWIFT_EMIT_LOC_STRINGS = NO;
				SWIFT_UPCOMING_FEATURE_MEMBER_IMPORT_VISIBILITY = YES;
				SWIFT_VERSION = 5.0;
				TARGETED_DEVICE_FAMILY = "1,2";
				TEST_TARGET_NAME = NubankShortener;
			};
			name = Release;
		};
/* End XCBuildConfiguration section */

/* Begin XCConfigurationList section */
		79BBD9342EE1CDF700BBF28F /* Build configuration list for PBXProject "NubankShortener" */ = {
			isa = XCConfigurationList;
			buildConfigurations = (
				79BBD9652EE1CDFA00BBF28F /* Debug */,
				79BBD9662EE1CDFA00BBF28F /* Release */,
			);
			defaultConfigurationIsVisible = 0;
			defaultConfigurationName = Release;
		};
		79BBD9622EE1CDFA00BBF28F /* Build configuration list for PBXNativeTarget "NubankShortener" */ = {
			isa = XCConfigurationList;
			buildConfigurations = (
				79BBD9632EE1CDFA00BBF28F /* Debug */,
				79BBD9642EE1CDFA00BBF28F /* Release */,
			);
			defaultConfigurationIsVisible = 0;
			defaultConfigurationName = Release;
		};
		79BBD9672EE1CDFA00BBF28F /* Build configuration list for PBXNativeTarget "NubankShortenerTests" */ = {
			isa = XCConfigurationList;
			buildConfigurations = (
				79BBD9682EE1CDFA00BBF28F /* Debug */,
				79BBD9692EE1CDFA00BBF28F /* Release */,
			);
			defaultConfigurationIsVisible = 0;
			defaultConfigurationName = Release;
		};
		79BBD96A2EE1CDFA00BBF28F /* Build configuration list for PBXNativeTarget "NubankShortenerUITests" */ = {
			isa = XCConfigurationList;
			buildConfigurations = (
				79BBD96B2EE1CDFA00BBF28F /* Debug */,
				79BBD96C2EE1CDFA00BBF28F /* Release */,
			);
			defaultConfigurationIsVisible = 0;
			defaultConfigurationName = Release;
		};
/* End XCConfigurationList section */

/* Begin XCLocalSwiftPackageReference section */
		797F43E72EE24AAE00651B75 /* XCLocalSwiftPackageReference "../Networking" */ = {
			isa = XCLocalSwiftPackageReference;
			relativePath = ../Networking;
		};
/* End XCLocalSwiftPackageReference section */

/* Begin XCSwiftPackageProductDependency section */
		797F43E82EE24AAE00651B75 /* Networking */ = {
			isa = XCSwiftPackageProductDependency;
			productName = Networking;
		};
/* End XCSwiftPackageProductDependency section */
	};
	rootObject = 79BBD9312EE1CDF700BBF28F /* Project object */;
}
